# THIS IS AN AUTOGENERATED FILE. DO NOT EDIT THIS FILE DIRECTLY.
# yarn lockfile v1


colors@^1.4.0:
  version "1.4.0"
  resolved "https://registry.yarnpkg.com/colors/-/colors-1.4.0.tgz#c50491479d4c1bdaed2c9ced32cf7c7dc2360f78"
  integrity sha512-a+UqTh4kgZg/SlGvfbzDHpgRu7AAQOmmqRHJnxhRZICKFUT91brVhNNt58CMWU9PsBbv3PDCZUHbVxuDiH2mtA==

commander@^5.1.0:
  version "5.1.0"
  resolved "https://registry.yarnpkg.com/commander/-/commander-5.1.0.tgz#46abbd1652f8e059bddaef99bbdcb2ad9cf179ae"
  integrity sha512-P0CysNDQ7rtVw4QIQtm+MRxV66vKFSvlsQvGYXZWR3qFU0jlMKHZZZgw8e+8DSah4UDKMqnknRDQz+xuQXQ/Zg==

osx-temperature-sensor@^1.0.7:
  version "1.0.7"
  resolved "https://registry.yarnpkg.com/osx-temperature-sensor/-/osx-temperature-sensor-1.0.7.tgz#5bbbd28bf86dc1d5391cfa7f067f0308807ddae9"
  integrity sha512-5hijMYtDVmcrR/LTZ8702SZOO2TVt5868KeraD02WyEI+3/YZJI4Cl9fvzCOc5vzizGGjvsfaCKZOKHF+RJ0wA==

systeminformation@^4.26.9:
  version "4.26.9"
  resolved "https://registry.yarnpkg.com/systeminformation/-/systeminformation-4.26.9.tgz#ecc725a162c0c7d8d48226f97637a5f590042ffd"
  integrity sha512-69MTIX9j//wnteJzQWuGL6FiMxlfS3wTWyhROI6pNUaQALYqJb3W9VtLVcEcKFOjO1vrGRgilJVFzJeRRi//Pg==
