# THIS IS AN AUTOGENERATED FILE. DO NOT EDIT THIS FILE DIRECTLY.
# yarn lockfile v1


systeminformation@^4.26.9:
  version "4.26.9"
  resolved "https://registry.yarnpkg.com/systeminformation/-/systeminformation-4.26.9.tgz#ecc725a162c0c7d8d48226f97637a5f590042ffd"
  integrity sha512-69MTIX9j//wnteJzQWuGL6FiMxlfS3wTWyhROI6pNUaQALYqJb3W9VtLVcEcKFOjO1vrGRgilJVFzJeRRi//Pg==
